
Microsoft Visual Studio Solution File, Format Version 12.00
# Visual Studio Version 16
VisualStudioVersion = 16.0.31402.337
MinimumVisualStudioVersion = 10.0.40219.1
Project("{FAE04EC0-301F-11D3-BF4B-00C04F79EFBC}") = "PokeConsole", "PokeConsole\PokeConsole.csproj", "{6ADEC312-109D-401A-8FD2-E6009C72ED46}"
EndProject
Global
	GlobalSection(SolutionConfigurationPlatforms) = preSolution
		Debug|Any CPU = Debug|Any CPU
		Release|Any CPU = Release|Any CPU
	EndGlobalSection
	GlobalSection(ProjectConfigurationPlatforms) = postSolution
		{6ADEC312-109D-401A-8FD2-E6009C72ED46}.Debug|Any CPU.ActiveCfg = Debug|Any CPU
		{6ADEC312-109D-401A-8FD2-E6009C72ED46}.Debug|Any CPU.Build.0 = Debug|Any CPU
		{6ADEC312-109D-401A-8FD2-E6009C72ED46}.Release|Any CPU.ActiveCfg = Release|Any CPU
		{6ADEC312-109D-401A-8FD2-E6009C72ED46}.Release|Any CPU.Build.0 = Release|Any CPU
	EndGlobalSection
	GlobalSection(SolutionProperties) = preSolution
		HideSolutionNode = FALSE
	EndGlobalSection
	GlobalSection(ExtensibilityGlobals) = postSolution
		SolutionGuid = {B25DD2AD-EF10-44E1-9109-3784562D8DC5}
	EndGlobalSection
EndGlobal
